
Microsoft Visual Studio Solution File, Format Version 12.00
# Visual Studio Version 17
VisualStudioVersion = 17.0.31903.59
MinimumVisualStudioVersion = 10.0.40219.1
Project("{FAE04EC0-301F-11D3-BF4B-0000F81FE1E7}") = "LMS", "LMS.csproj", "{E88A8CDB-982F-4B8B-B47D-30A158F75161}"
EndProject
Global
	GlobalSection(SolutionConfigurationPlatforms) = preSolution
		Debug|Any CPU = Debug|Any CPU
		Release|Any CPU = Release|Any CPU
	EndGlobalSection
	GlobalSection(ProjectConfigurationPlatforms) = postSolution
		{E88A8CDB-982F-4B8B-B47D-30A158F75161}.Debug|Any CPU.ActiveCfg = Debug|Any CPU
		{E88A8CDB-982F-4B8B-B47D-30A158F75161}.Debug|Any CPU.Build.0 = Debug|Any CPU
		{E88A8CDB-982F-4B8B-B47D-30A158F75161}.Release|Any CPU.ActiveCfg = Release|Any CPU
		{E88A8CDB-982F-4B8B-B47D-30A158F75161}.Release|Any CPU.Build.0 = Release|Any CPU
	EndGlobalSection
	GlobalSection(SolutionProperties) = preSolution
		HideSolutionNode = FALSE
	EndGlobalSection
EndGlobal
